
Microsoft Visual Studio Solution File, Format Version 12.00
# Visual Studio Version 17
VisualStudioVersion = 17.3.32929.385
MinimumVisualStudioVersion = 10.0.40219.1
Project("{FAE04EC0-301F-11D3-BF4B-00C04F79EFBC}") = "LinkGeneratorTest", "LinkGeneratorTest\LinkGeneratorTest.csproj", "{5AFD4F36-54C6-4FD0-9C87-50CF8C89C1BF}"
EndProject
Global
	GlobalSection(SolutionConfigurationPlatforms) = preSolution
		Debug|Any CPU = Debug|Any CPU
		Release|Any CPU = Release|Any CPU
	EndGlobalSection
	GlobalSection(ProjectConfigurationPlatforms) = postSolution
		{5AFD4F36-54C6-4FD0-9C87-50CF8C89C1BF}.Debug|Any CPU.ActiveCfg = Debug|Any CPU
		{5AFD4F36-54C6-4FD0-9C87-50CF8C89C1BF}.Debug|Any CPU.Build.0 = Debug|Any CPU
		{5AFD4F36-54C6-4FD0-9C87-50CF8C89C1BF}.Release|Any CPU.ActiveCfg = Release|Any CPU
		{5AFD4F36-54C6-4FD0-9C87-50CF8C89C1BF}.Release|Any CPU.Build.0 = Release|Any CPU
	EndGlobalSection
	GlobalSection(SolutionProperties) = preSolution
		HideSolutionNode = FALSE
	EndGlobalSection
	GlobalSection(ExtensibilityGlobals) = postSolution
		SolutionGuid = {E96C8BAD-D596-4B87-95CF-63F6AE5EAD42}
	EndGlobalSection
EndGlobal
